{
  "name": "oss2cannon",
  "version": "1.0.0",
  "lockfileVersion": 3,
  "requires": true,
  "packages": {
    "": {
      "name": "oss2cannon",
      "version": "1.0.0",
      "license": "ISC",
      "dependencies": {
        "osu-mania-stable": "^5.0.0",
        "osu-parsers": "^4.1.7"
      }
    },
    "node_modules/@types/node": {
      "version": "20.14.10",
      "resolved": "https://registry.npmjs.org/@types/node/-/node-20.14.10.tgz",
      "integrity": "sha512-MdiXf+nDuMvY0gJKxyfZ7/6UFsETO7mGKF54MVD/ekJS6HdFtpZFBgrh6Pseu64XTb2MLyFPlbW6hj8HYRQNOQ==",
      "dependencies": {
        "undici-types": "~5.26.4"
      }
    },
    "node_modules/lzma-js-simple-v2": {
      "version": "1.2.3",
      "resolved": "https://registry.npmjs.org/lzma-js-simple-v2/-/lzma-js-simple-v2-1.2.3.tgz",
      "integrity": "sha512-6kgy86Q3YLolV6dOwCqdQXg3V07e3XJJ6wqfrN8/s65mvCfqkr+jMJkfiSZNvk+u2ig+G8rLdtaoW/g1oJiwow==",
      "dependencies": {
        "@types/node": "^20.12.7"
      }
    },
    "node_modules/osu-classes": {
      "version": "3.1.0",
      "resolved": "https://registry.npmjs.org/osu-classes/-/osu-classes-3.1.0.tgz",
      "integrity": "sha512-kz38FWMGnz5lr6ofovUrNaDAcs1gNpwlDc1qHjW86ILQZXG44w/+NflV7EyFomkI05XCADGfltE4FVoPwrkrmg==",
      "peer": true
    },
    "node_modules/osu-mania-stable": {
      "version": "5.0.0",
      "resolved": "https://registry.npmjs.org/osu-mania-stable/-/osu-mania-stable-5.0.0.tgz",
      "integrity": "sha512-9UYjgZ2YYBFgVxNDON1rSXQO7KQ5DMuJxRsavDRLKFsoE7foHHc4y1AUBgOH0u6vuGVDOleBXhvvGjwsHAibjw==",
      "peerDependencies": {
        "osu-classes": "^3.0.0"
      }
    },
    "node_modules/osu-parsers": {
      "version": "4.1.7",
      "resolved": "https://registry.npmjs.org/osu-parsers/-/osu-parsers-4.1.7.tgz",
      "integrity": "sha512-b8aYJy9vK0Yk8zVbxVN+HSChGnXufSxePb3gABG8s5YGCY+31CKJTUHDAVRST0kX4lyeI4Z3iRxsCRftHFHEug==",
      "dependencies": {
        "lzma-js-simple-v2": "^1.2.3"
      },
      "peerDependencies": {
        "osu-classes": "^3.1.0"
      }
    },
    "node_modules/undici-types": {
      "version": "5.26.5",
      "resolved": "https://registry.npmjs.org/undici-types/-/undici-types-5.26.5.tgz",
      "integrity": "sha512-JlCMO+ehdEIKqlFxk6IfVoAUVmgz7cU7zD/h9XZ0qzeosSHmUJVOzSQvvYSYWXkFXC+IfLKSIffhv0sVZup6pA=="
    }
  }
}
